
Microsoft Visual Studio Solution File, Format Version 12.00
# Visual Studio Version 17
VisualStudioVersion = 17.3.32825.248
MinimumVisualStudioVersion = 10.0.40219.1
Project("{FAE04EC0-301F-11D3-BF4B-00C04F79EFBC}") = "Vtitbid.ISP20.Zlokazov.Zodiac", "Vtitbid.ISP20.Zlokazov.Zodiac\Vtitbid.ISP20.Zlokazov.Zodiac.csproj", "{8A997127-2F19-4C73-B59C-6F9EDFDB5805}"
EndProject
Global
	GlobalSection(SolutionConfigurationPlatforms) = preSolution
		Debug|Any CPU = Debug|Any CPU
		Release|Any CPU = Release|Any CPU
	EndGlobalSection
	GlobalSection(ProjectConfigurationPlatforms) = postSolution
		{8A997127-2F19-4C73-B59C-6F9EDFDB5805}.Debug|Any CPU.ActiveCfg = Debug|Any CPU
		{8A997127-2F19-4C73-B59C-6F9EDFDB5805}.Debug|Any CPU.Build.0 = Debug|Any CPU
		{8A997127-2F19-4C73-B59C-6F9EDFDB5805}.Release|Any CPU.ActiveCfg = Release|Any CPU
		{8A997127-2F19-4C73-B59C-6F9EDFDB5805}.Release|Any CPU.Build.0 = Release|Any CPU
	EndGlobalSection
	GlobalSection(SolutionProperties) = preSolution
		HideSolutionNode = FALSE
	EndGlobalSection
	GlobalSection(ExtensibilityGlobals) = postSolution
		SolutionGuid = {32324088-4690-4C98-9721-9481ED09D14C}
	EndGlobalSection
EndGlobal
